
Microsoft Visual Studio Solution File, Format Version 12.00
# Visual Studio 15
VisualStudioVersion = 15.0.28307.489
MinimumVisualStudioVersion = 10.0.40219.1
Project("{FAE04EC0-301F-11D3-BF4B-00C04F79EFBC}") = "VP_Proekt", "VP_Proekt\VP_Proekt.csproj", "{BFA226EA-59D4-4866-9070-819E6155B9BE}"
EndProject
Global
	GlobalSection(SolutionConfigurationPlatforms) = preSolution
		Debug|Any CPU = Debug|Any CPU
		Release|Any CPU = Release|Any CPU
	EndGlobalSection
	GlobalSection(ProjectConfigurationPlatforms) = postSolution
		{BFA226EA-59D4-4866-9070-819E6155B9BE}.Debug|Any CPU.ActiveCfg = Debug|Any CPU
		{BFA226EA-59D4-4866-9070-819E6155B9BE}.Debug|Any CPU.Build.0 = Debug|Any CPU
		{BFA226EA-59D4-4866-9070-819E6155B9BE}.Release|Any CPU.ActiveCfg = Release|Any CPU
		{BFA226EA-59D4-4866-9070-819E6155B9BE}.Release|Any CPU.Build.0 = Release|Any CPU
	EndGlobalSection
	GlobalSection(SolutionProperties) = preSolution
		HideSolutionNode = FALSE
	EndGlobalSection
	GlobalSection(ExtensibilityGlobals) = postSolution
		SolutionGuid = {EBF992DD-FE31-49F3-8AAB-6C489502096E}
	EndGlobalSection
EndGlobal
